
Microsoft Visual Studio Solution File, Format Version 12.00
# Visual Studio 15
VisualStudioVersion = 15.0.27130.2026
MinimumVisualStudioVersion = 10.0.40219.1
Project("{FAE04EC0-301F-11D3-BF4B-00C04F79EFBC}") = "Project2", "Project2\Project2.csproj", "{04522BF6-E7F1-44BF-BDDC-5CEE23F8253D}"
EndProject
Global
	GlobalSection(SolutionConfigurationPlatforms) = preSolution
		Debug|Any CPU = Debug|Any CPU
		Release|Any CPU = Release|Any CPU
	EndGlobalSection
	GlobalSection(ProjectConfigurationPlatforms) = postSolution
		{04522BF6-E7F1-44BF-BDDC-5CEE23F8253D}.Debug|Any CPU.ActiveCfg = Debug|Any CPU
		{04522BF6-E7F1-44BF-BDDC-5CEE23F8253D}.Debug|Any CPU.Build.0 = Debug|Any CPU
		{04522BF6-E7F1-44BF-BDDC-5CEE23F8253D}.Release|Any CPU.ActiveCfg = Release|Any CPU
		{04522BF6-E7F1-44BF-BDDC-5CEE23F8253D}.Release|Any CPU.Build.0 = Release|Any CPU
	EndGlobalSection
	GlobalSection(SolutionProperties) = preSolution
		HideSolutionNode = FALSE
	EndGlobalSection
	GlobalSection(ExtensibilityGlobals) = postSolution
		SolutionGuid = {2527D426-4A88-491A-B573-4CDC858EBB5F}
	EndGlobalSection
EndGlobal
